
Microsoft Visual Studio Solution File, Format Version 12.00
# Visual Studio Version 16
VisualStudioVersion = 16.0.32929.386
MinimumVisualStudioVersion = 10.0.40219.1
Project("{9092AA53-FB77-4645-B42D-1CCCA6BD08BD}") = "MealPrepPlanner", "MealPrepPlanner.njsproj", "{B38D349C-EAD6-423D-AAAB-810A207D3E98}"
EndProject
Global
	GlobalSection(SolutionConfigurationPlatforms) = preSolution
		Debug|Any CPU = Debug|Any CPU
		Release|Any CPU = Release|Any CPU
	EndGlobalSection
	GlobalSection(ProjectConfigurationPlatforms) = postSolution
		{B38D349C-EAD6-423D-AAAB-810A207D3E98}.Debug|Any CPU.ActiveCfg = Debug|Any CPU
		{B38D349C-EAD6-423D-AAAB-810A207D3E98}.Debug|Any CPU.Build.0 = Debug|Any CPU
		{B38D349C-EAD6-423D-AAAB-810A207D3E98}.Release|Any CPU.ActiveCfg = Release|Any CPU
		{B38D349C-EAD6-423D-AAAB-810A207D3E98}.Release|Any CPU.Build.0 = Release|Any CPU
	EndGlobalSection
	GlobalSection(SolutionProperties) = preSolution
		HideSolutionNode = FALSE
	EndGlobalSection
	GlobalSection(ExtensibilityGlobals) = postSolution
		SolutionGuid = {84774BA2-6AA5-470D-AB4D-888CA3D7661C}
	EndGlobalSection
EndGlobal
